// !$*UTF8*$!
{
	archiveVersion = 1;
	classes = {
	};
	objectVersion = 50;
	objects = {

/* Begin PBXBuildFile section */
		56422BEF24FA534000B9E1E5 /* AppDelegate.swift in Sources */ = {isa = PBXBuildFile; fileRef = 56422BEE24FA534000B9E1E5 /* AppDelegate.swift */; };
		56422BF124FA534000B9E1E5 /* SceneDelegate.swift in Sources */ = {isa = PBXBuildFile; fileRef = 56422BF024FA534000B9E1E5 /* SceneDelegate.swift */; };
		56422BF324FA534000B9E1E5 /* ViewController.swift in Sources */ = {isa = PBXBuildFile; fileRef = 56422BF224FA534000B9E1E5 /* ViewController.swift */; };
		56422BF624FA534000B9E1E5 /* Main.storyboard in Resources */ = {isa = PBXBuildFile; fileRef = 56422BF424FA534000B9E1E5 /* Main.storyboard */; };
		56422BF824FA534500B9E1E5 /* Assets.xcassets in Resources */ = {isa = PBXBuildFile; fileRef = 56422BF724FA534500B9E1E5 /* Assets.xcassets */; };
		56422BFB24FA534500B9E1E5 /* LaunchScreen.storyboard in Resources */ = {isa = PBXBuildFile; fileRef = 56422BF924FA534500B9E1E5 /* LaunchScreen.storyboard */; };
		939BF7DE668FFA8531A9AD07 /* Pods_MicroButtonDemo.framework in Frameworks */ = {isa = PBXBuildFile; fileRef = 6E6C3FC2E187BD47ADC101B4 /* Pods_MicroButtonDemo.framework */; };
/* End PBXBuildFile section */

/* Begin PBXFileReference section */
		56422BEB24FA534000B9E1E5 /* MicroButtonDemo.app */ = {isa = PBXFileReference; explicitFileType = wrapper.application; includeInIndex = 0; path = MicroButtonDemo.app; sourceTree = BUILT_PRODUCTS_DIR; };
		56422BEE24FA534000B9E1E5 /* AppDelegate.swift */ = {isa = PBXFileReference; lastKnownFileType = sourcecode.swift; path = AppDelegate.swift; sourceTree = "<group>"; };
		56422BF024FA534000B9E1E5 /* SceneDelegate.swift */ = {isa = PBXFileReference; lastKnownFileType = sourcecode.swift; path = SceneDelegate.swift; sourceTree = "<group>"; };
		56422BF224FA534000B9E1E5 /* ViewController.swift */ = {isa = PBXFileReference; lastKnownFileType = sourcecode.swift; path = ViewController.swift; sourceTree = "<group>"; };
		56422BF524FA534000B9E1E5 /* Base */ = {isa = PBXFileReference; lastKnownFileType = file.storyboard; name = Base; path = Base.lproj/Main.storyboard; sourceTree = "<group>"; };
		56422BF724FA534500B9E1E5 /* Assets.xcassets */ = {isa = PBXFileReference; lastKnownFileType = folder.assetcatalog; path = Assets.xcassets; sourceTree = "<group>"; };
		56422BFA24FA534500B9E1E5 /* Base */ = {isa = PBXFileReference; lastKnownFileType = file.storyboard; name = Base; path = Base.lproj/LaunchScreen.storyboard; sourceTree = "<group>"; };
		56422BFC24FA534500B9E1E5 /* Info.plist */ = {isa = PBXFileReference; lastKnownFileType = text.plist.xml; path = Info.plist; sourceTree = "<group>"; };
		56422C0D24FA53BD00B9E1E5 /* MicroButtonDemo-Bridging-Header.h */ = {isa = PBXFileReference; lastKnownFileType = sourcecode.c.h; path = "MicroButtonDemo-Bridging-Header.h"; sourceTree = "<group>"; };
		6E6C3FC2E187BD47ADC101B4 /* Pods_MicroButtonDemo.framework */ = {isa = PBXFileReference; explicitFileType = wrapper.framework; includeInIndex = 0; path = Pods_MicroButtonDemo.framework; sourceTree = BUILT_PRODUCTS_DIR; };
		A0DFCF9DE62ABAFF7B1C5BFD /* Pods-MicroButtonDemo.debug.xcconfig */ = {isa = PBXFileReference; includeInIndex = 1; lastKnownFileType = text.xcconfig; name = "Pods-MicroButtonDemo.debug.xcconfig"; path = "Target Support Files/Pods-MicroButtonDemo/Pods-MicroButtonDemo.debug.xcconfig"; sourceTree = "<group>"; };
		AF9609DCB87849AD61543CB2 /* Pods-MicroButtonDemo.release.xcconfig */ = {isa = PBXFileReference; includeInIndex = 1; lastKnownFileType = text.xcconfig; name = "Pods-MicroButtonDemo.release.xcconfig"; path = "Target Support Files/Pods-MicroButtonDemo/Pods-MicroButtonDemo.release.xcconfig"; sourceTree = "<group>"; };
/* End PBXFileReference section */

/* Begin PBXFrameworksBuildPhase section */
		56422BE824FA534000B9E1E5 /* Frameworks */ = {
			isa = PBXFrameworksBuildPhase;
			buildActionMask = 2147483647;
			files = (
				939BF7DE668FFA8531A9AD07 /* Pods_MicroButtonDemo.framework in Frameworks */,
			);
			runOnlyForDeploymentPostprocessing = 0;
		};
/* End PBXFrameworksBuildPhase section */

/* Begin PBXGroup section */
		13B8A893051C82D9C8A73624 /* Frameworks */ = {
			isa = PBXGroup;
			children = (
				6E6C3FC2E187BD47ADC101B4 /* Pods_MicroButtonDemo.framework */,
			);
			name = Frameworks;
			sourceTree = "<group>";
		};
		56422BE224FA534000B9E1E5 = {
			isa = PBXGroup;
			children = (
				56422BED24FA534000B9E1E5 /* MicroButtonDemo */,
				56422BEC24FA534000B9E1E5 /* Products */,
				A3DF0EF717FC5B979586EE0C /* Pods */,
				13B8A893051C82D9C8A73624 /* Frameworks */,
			);
			sourceTree = "<group>";
		};
		56422BEC24FA534000B9E1E5 /* Products */ = {
			isa = PBXGroup;
			children = (
				56422BEB24FA534000B9E1E5 /* MicroButtonDemo.app */,
			);
			name = Products;
			sourceTree = "<group>";
		};
		56422BED24FA534000B9E1E5 /* MicroButtonDemo */ = {
			isa = PBXGroup;
			children = (
				56422BEE24FA534000B9E1E5 /* AppDelegate.swift */,
				56422BF024FA534000B9E1E5 /* SceneDelegate.swift */,
				56422BF224FA534000B9E1E5 /* ViewController.swift */,
				56422BF424FA534000B9E1E5 /* Main.storyboard */,
				56422BF724FA534500B9E1E5 /* Assets.xcassets */,
				56422BF924FA534500B9E1E5 /* LaunchScreen.storyboard */,
				56422BFC24FA534500B9E1E5 /* Info.plist */,
				56422C0D24FA53BD00B9E1E5 /* MicroButtonDemo-Bridging-Header.h */,
			);
			path = MicroButtonDemo;
			sourceTree = "<group>";
		};
		A3DF0EF717FC5B979586EE0C /* Pods */ = {
			isa = PBXGroup;
			children = (
				A0DFCF9DE62ABAFF7B1C5BFD /* Pods-MicroButtonDemo.debug.xcconfig */,
				AF9609DCB87849AD61543CB2 /* Pods-MicroButtonDemo.release.xcconfig */,
			);
			name = Pods;
			path = Pods;
			sourceTree = "<group>";
		};
/* End PBXGroup section */

/* Begin PBXNativeTarget section */
		56422BEA24FA534000B9E1E5 /* MicroButtonDemo */ = {
			isa = PBXNativeTarget;
			buildConfigurationList = 56422BFF24FA534500B9E1E5 /* Build configuration list for PBXNativeTarget "MicroButtonDemo" */;
			buildPhases = (
				A0B7BC018A310AD3CFE4C421 /* [CP] Check Pods Manifest.lock */,
				56422BE724FA534000B9E1E5 /* Sources */,
				56422BE824FA534000B9E1E5 /* Frameworks */,
				56422BE924FA534000B9E1E5 /* Resources */,
				044FD0E3D6A2883F70C270A5 /* [CP] Embed Pods Frameworks */,
			);
			buildRules = (
			);
			dependencies = (
			);
			name = MicroButtonDemo;
			productName = MicroButtonDemo;
			productReference = 56422BEB24FA534000B9E1E5 /* MicroButtonDemo.app */;
			productType = "com.apple.product-type.application";
		};
/* End PBXNativeTarget section */

/* Begin PBXProject section */
		56422BE324FA534000B9E1E5 /* Project object */ = {
			isa = PBXProject;
			attributes = {
				LastSwiftUpdateCheck = 1160;
				LastUpgradeCheck = 1160;
				ORGANIZATIONNAME = xk;
				TargetAttributes = {
					56422BEA24FA534000B9E1E5 = {
						CreatedOnToolsVersion = 11.6;
					};
				};
			};
			buildConfigurationList = 56422BE624FA534000B9E1E5 /* Build configuration list for PBXProject "MicroButtonDemo" */;
			compatibilityVersion = "Xcode 9.3";
			developmentRegion = en;
			hasScannedForEncodings = 0;
			knownRegions = (
				en,
				Base,
			);
			mainGroup = 56422BE224FA534000B9E1E5;
			productRefGroup = 56422BEC24FA534000B9E1E5 /* Products */;
			projectDirPath = "";
			projectRoot = "";
			targets = (
				56422BEA24FA534000B9E1E5 /* MicroButtonDemo */,
			);
		};
/* End PBXProject section */

/* Begin PBXResourcesBuildPhase section */
		56422BE924FA534000B9E1E5 /* Resources */ = {
			isa = PBXResourcesBuildPhase;
			buildActionMask = 2147483647;
			files = (
				56422BFB24FA534500B9E1E5 /* LaunchScreen.storyboard in Resources */,
				56422BF824FA534500B9E1E5 /* Assets.xcassets in Resources */,
				56422BF624FA534000B9E1E5 /* Main.storyboard in Resources */,
			);
			runOnlyForDeploymentPostprocessing = 0;
		};
/* End PBXResourcesBuildPhase section */

/* Begin PBXShellScriptBuildPhase section */
		044FD0E3D6A2883F70C270A5 /* [CP] Embed Pods Frameworks */ = {
			isa = PBXShellScriptBuildPhase;
			buildActionMask = 2147483647;
			files = (
			);
			inputFileListPaths = (
				"${PODS_ROOT}/Target Support Files/Pods-MicroButtonDemo/Pods-MicroButtonDemo-frameworks-${CONFIGURATION}-input-files.xcfilelist",
			);
			name = "[CP] Embed Pods Frameworks";
			outputFileListPaths = (
				"${PODS_ROOT}/Target Support Files/Pods-MicroButtonDemo/Pods-MicroButtonDemo-frameworks-${CONFIGURATION}-output-files.xcfilelist",
			);
			runOnlyForDeploymentPostprocessing = 0;
			shellPath = /bin/sh;
			shellScript = "\"${PODS_ROOT}/Target Support Files/Pods-MicroButtonDemo/Pods-MicroButtonDemo-frameworks.sh\"\n";
			showEnvVarsInLog = 0;
		};
		A0B7BC018A310AD3CFE4C421 /* [CP] Check Pods Manifest.lock */ = {
			isa = PBXShellScriptBuildPhase;
			buildActionMask = 2147483647;
			files = (
			);
			inputFileListPaths = (
			);
			inputPaths = (
				"${PODS_PODFILE_DIR_PATH}/Podfile.lock",
				"${PODS_ROOT}/Manifest.lock",
			);
			name = "[CP] Check Pods Manifest.lock";
			outputFileListPaths = (
			);
			outputPaths = (
				"$(DERIVED_FILE_DIR)/Pods-MicroButtonDemo-checkManifestLockResult.txt",
			);
			runOnlyForDeploymentPostprocessing = 0;
			shellPath = /bin/sh;
			shellScript = "diff \"${PODS_PODFILE_DIR_PATH}/Podfile.lock\" \"${PODS_ROOT}/Manifest.lock\" > /dev/null\nif [ $? != 0 ] ; then\n    # print error to STDERR\n    echo \"error: The sandbox is not in sync with the Podfile.lock. Run 'pod install' or update your CocoaPods installation.\" >&2\n    exit 1\nfi\n# This output is used by Xcode 'outputs' to avoid re-running this script phase.\necho \"SUCCESS\" > \"${SCRIPT_OUTPUT_FILE_0}\"\n";
			showEnvVarsInLog = 0;
		};
/* End PBXShellScriptBuildPhase section */

/* Begin PBXSourcesBuildPhase section */
		56422BE724FA534000B9E1E5 /* Sources */ = {
			isa = PBXSourcesBuildPhase;
			buildActionMask = 2147483647;
			files = (
				56422BF324FA534000B9E1E5 /* ViewController.swift in Sources */,
				56422BEF24FA534000B9E1E5 /* AppDelegate.swift in Sources */,
				56422BF124FA534000B9E1E5 /* SceneDelegate.swift in Sources */,
			);
			runOnlyForDeploymentPostprocessing = 0;
		};
/* End PBXSourcesBuildPhase section */

/* Begin PBXVariantGroup section */
		56422BF424FA534000B9E1E5 /* Main.storyboard */ = {
			isa = PBXVariantGroup;
			children = (
				56422BF524FA534000B9E1E5 /* Base */,
			);
			name = Main.storyboard;
			sourceTree = "<group>";
		};
		56422BF924FA534500B9E1E5 /* LaunchScreen.storyboard */ = {
			isa = PBXVariantGroup;
			children = (
				56422BFA24FA534500B9E1E5 /* Base */,
			);
			name = LaunchScreen.storyboard;
			sourceTree = "<group>";
		};
/* End PBXVariantGroup section */

/* Begin XCBuildConfiguration section */
		56422BFD24FA534500B9E1E5 /* Debug */ = {
			isa = XCBuildConfiguration;
			buildSettings = {
				ALWAYS_SEARCH_USER_PATHS = NO;
				CLANG_ANALYZER_NONNULL = YES;
				CLANG_ANALYZER_NUMBER_OBJECT_CONVERSION = YES_AGGRESSIVE;
				CLANG_CXX_LANGUAGE_STANDARD = "gnu++14";
				CLANG_CXX_LIBRARY = "libc++";
				CLANG_ENABLE_MODULES = YES;
				CLANG_ENABLE_OBJC_ARC = YES;
				CLANG_ENABLE_OBJC_WEAK = YES;
				CLANG_WARN_BLOCK_CAPTURE_AUTORELEASING = YES;
				CLANG_WARN_BOOL_CONVERSION = YES;
				CLANG_WARN_COMMA = YES;
				CLANG_WARN_CONSTANT_CONVERSION = YES;
				CLANG_WARN_DEPRECATED_OBJC_IMPLEMENTATIONS = YES;
				CLANG_WARN_DIRECT_OBJC_ISA_USAGE = YES_ERROR;
				CLANG_WARN_DOCUMENTATION_COMMENTS = YES;
				CLANG_WARN_EMPTY_BODY = YES;
				CLANG_WARN_ENUM_CONVERSION = YES;
				CLANG_WARN_INFINITE_RECURSION = YES;
				CLANG_WARN_INT_CONVERSION = YES;
				CLANG_WARN_NON_LITERAL_NULL_CONVERSION = YES;
				CLANG_WARN_OBJC_IMPLICIT_RETAIN_SELF = YES;
				CLANG_WARN_OBJC_LITERAL_CONVERSION = YES;
				CLANG_WARN_OBJC_ROOT_CLASS = YES_ERROR;
				CLANG_WARN_RANGE_LOOP_ANALYSIS = YES;
				CLANG_WARN_STRICT_PROTOTYPES = YES;
				CLANG_WARN_SUSPICIOUS_MOVE = YES;
				CLANG_WARN_UNGUARDED_AVAILABILITY = YES_AGGRESSIVE;
				CLANG_WARN_UNREACHABLE_CODE = YES;
				CLANG_WARN__DUPLICATE_METHOD_MATCH = YES;
				COPY_PHASE_STRIP = NO;
				DEBUG_INFORMATION_FORMAT = dwarf;
				ENABLE_STRICT_OBJC_MSGSEND = YES;
				ENABLE_TESTABILITY = YES;
				GCC_C_LANGUAGE_STANDARD = gnu11;
				GCC_DYNAMIC_NO_PIC = NO;
				GCC_NO_COMMON_BLOCKS = YES;
				GCC_OPTIMIZATION_LEVEL = 0;
				GCC_PREPROCESSOR_DEFINITIONS = (
					"DEBUG=1",
					"$(inherited)",
				);
				GCC_WARN_64_TO_32_BIT_CONVERSION = YES;
				GCC_WARN_ABOUT_RETURN_TYPE = YES_ERROR;
				GCC_WARN_UNDECLARED_SELECTOR = YES;
				GCC_WARN_UNINITIALIZED_AUTOS = YES_AGGRESSIVE;
				GCC_WARN_UNUSED_FUNCTION = YES;
				GCC_WARN_UNUSED_VARIABLE = YES;
				IPHONEOS_DEPLOYMENT_TARGET = 13.6;
				MTL_ENABLE_DEBUG_INFO = INCLUDE_SOURCE;
				MTL_FAST_MATH = YES;
				ONLY_ACTIVE_ARCH = YES;
				SDKROOT = iphoneos;
				SWIFT_ACTIVE_COMPILATION_CONDITIONS = DEBUG;
				SWIFT_OPTIMIZATION_LEVEL = "-Onone";
			};
			name = Debug;
		};
		56422BFE24FA534500B9E1E5 /* Release */ = {
			isa = XCBuildConfiguration;
			buildSettings = {
				ALWAYS_SEARCH_USER_PATHS = NO;
				CLANG_ANALYZER_NONNULL = YES;
				CLANG_ANALYZER_NUMBER_OBJECT_CONVERSION = YES_AGGRESSIVE;
				CLANG_CXX_LANGUAGE_STANDARD = "gnu++14";
				CLANG_CXX_LIBRARY = "libc++";
				CLANG_ENABLE_MODULES = YES;
				CLANG_ENABLE_OBJC_ARC = YES;
				CLANG_ENABLE_OBJC_WEAK = YES;
				CLANG_WARN_BLOCK_CAPTURE_AUTORELEASING = YES;
				CLANG_WARN_BOOL_CONVERSION = YES;
				CLANG_WARN_COMMA = YES;
				CLANG_WARN_CONSTANT_CONVERSION = YES;
				CLANG_WARN_DEPRECATED_OBJC_IMPLEMENTATIONS = YES;
				CLANG_WARN_DIRECT_OBJC_ISA_USAGE = YES_ERROR;
				CLANG_WARN_DOCUMENTATION_COMMENTS = YES;
				CLANG_WARN_EMPTY_BODY = YES;
				CLANG_WARN_ENUM_CONVERSION = YES;
				CLANG_WARN_INFINITE_RECURSION = YES;
				CLANG_WARN_INT_CONVERSION = YES;
				CLANG_WARN_NON_LITERAL_NULL_CONVERSION = YES;
				CLANG_WARN_OBJC_IMPLICIT_RETAIN_SELF = YES;
				CLANG_WARN_OBJC_LITERAL_CONVERSION = YES;
				CLANG_WARN_OBJC_ROOT_CLASS = YES_ERROR;
				CLANG_WARN_RANGE_LOOP_ANALYSIS = YES;
				CLANG_WARN_STRICT_PROTOTYPES = YES;
				CLANG_WARN_SUSPICIOUS_MOVE = YES;
				CLANG_WARN_UNGUARDED_AVAILABILITY = YES_AGGRESSIVE;
				CLANG_WARN_UNREACHABLE_CODE = YES;
				CLANG_WARN__DUPLICATE_METHOD_MATCH = YES;
				COPY_PHASE_STRIP = NO;
				DEBUG_INFORMATION_FORMAT = "dwarf-with-dsym";
				ENABLE_NS_ASSERTIONS = NO;
				ENABLE_STRICT_OBJC_MSGSEND = YES;
				GCC_C_LANGUAGE_STANDARD = gnu11;
				GCC_NO_COMMON_BLOCKS = YES;
				GCC_WARN_64_TO_32_BIT_CONVERSION = YES;
				GCC_WARN_ABOUT_RETURN_TYPE = YES_ERROR;
				GCC_WARN_UNDECLARED_SELECTOR = YES;
				GCC_WARN_UNINITIALIZED_AUTOS = YES_AGGRESSIVE;
				GCC_WARN_UNUSED_FUNCTION = YES;
				GCC_WARN_UNUSED_VARIABLE = YES;
				IPHONEOS_DEPLOYMENT_TARGET = 13.6;
				MTL_ENABLE_DEBUG_INFO = NO;
				MTL_FAST_MATH = YES;
				SDKROOT = iphoneos;
				SWIFT_COMPILATION_MODE = wholemodule;
				SWIFT_OPTIMIZATION_LEVEL = "-O";
				VALIDATE_PRODUCT = YES;
			};
			name = Release;
		};
		56422C0024FA534500B9E1E5 /* Debug */ = {
			isa = XCBuildConfiguration;
			baseConfigurationReference = A0DFCF9DE62ABAFF7B1C5BFD /* Pods-MicroButtonDemo.debug.xcconfig */;
			buildSettings = {
				ASSETCATALOG_COMPILER_APPICON_NAME = AppIcon;
				CODE_SIGN_STYLE = Automatic;
				INFOPLIST_FILE = MicroButtonDemo/Info.plist;
				LD_RUNPATH_SEARCH_PATHS = (
					"$(inherited)",
					"@executable_path/Frameworks",
				);
				PRODUCT_BUNDLE_IDENTIFIER = com.xk.MicroButtonDemo;
				PRODUCT_NAME = "$(TARGET_NAME)";
				SWIFT_OBJC_BRIDGING_HEADER = "MicroButtonDemo/MicroButtonDemo-Bridging-Header.h";
				SWIFT_VERSION = 5.0;
				TARGETED_DEVICE_FAMILY = "1,2";
			};
			name = Debug;
		};
		56422C0124FA534500B9E1E5 /* Release */ = {
			isa = XCBuildConfiguration;
			baseConfigurationReference = AF9609DCB87849AD61543CB2 /* Pods-MicroButtonDemo.release.xcconfig */;
			buildSettings = {
				ASSETCATALOG_COMPILER_APPICON_NAME = AppIcon;
				CODE_SIGN_STYLE = Automatic;
				INFOPLIST_FILE = MicroButtonDemo/Info.plist;
				LD_RUNPATH_SEARCH_PATHS = (
					"$(inherited)",
					"@executable_path/Frameworks",
				);
				PRODUCT_BUNDLE_IDENTIFIER = com.xk.MicroButtonDemo;
				PRODUCT_NAME = "$(TARGET_NAME)";
				SWIFT_OBJC_BRIDGING_HEADER = "MicroButtonDemo/MicroButtonDemo-Bridging-Header.h";
				SWIFT_VERSION = 5.0;
				TARGETED_DEVICE_FAMILY = "1,2";
			};
			name = Release;
		};
/* End XCBuildConfiguration section */

/* Begin XCConfigurationList section */
		56422BE624FA534000B9E1E5 /* Build configuration list for PBXProject "MicroButtonDemo" */ = {
			isa = XCConfigurationList;
			buildConfigurations = (
				56422BFD24FA534500B9E1E5 /* Debug */,
				56422BFE24FA534500B9E1E5 /* Release */,
			);
			defaultConfigurationIsVisible = 0;
			defaultConfigurationName = Release;
		};
		56422BFF24FA534500B9E1E5 /* Build configuration list for PBXNativeTarget "MicroButtonDemo" */ = {
			isa = XCConfigurationList;
			buildConfigurations = (
				56422C0024FA534500B9E1E5 /* Debug */,
				56422C0124FA534500B9E1E5 /* Release */,
			);
			defaultConfigurationIsVisible = 0;
			defaultConfigurationName = Release;
		};
/* End XCConfigurationList section */
	};
	rootObject = 56422BE324FA534000B9E1E5 /* Project object */;
}
